
Microsoft Visual Studio Solution File, Format Version 12.00
# Visual Studio 15
VisualStudioVersion = 15.0.27004.2008
MinimumVisualStudioVersion = 10.0.40219.1
Project("{FAE04EC0-301F-11D3-BF4B-00C04F79EFBC}") = "Library", "Library\Library.csproj", "{89314444-D5D6-4B46-9324-688ECE2593D1}"
EndProject
Project("{FAE04EC0-301F-11D3-BF4B-00C04F79EFBC}") = "LibraryData", "LibraryData\LibraryData.csproj", "{08D0ABB9-D8ED-400A-8A03-1D53390AE595}"
EndProject
Global
	GlobalSection(SolutionConfigurationPlatforms) = preSolution
		Debug|Any CPU = Debug|Any CPU
		Release|Any CPU = Release|Any CPU
	EndGlobalSection
	GlobalSection(ProjectConfigurationPlatforms) = postSolution
		{89314444-D5D6-4B46-9324-688ECE2593D1}.Debug|Any CPU.ActiveCfg = Debug|Any CPU
		{89314444-D5D6-4B46-9324-688ECE2593D1}.Debug|Any CPU.Build.0 = Debug|Any CPU
		{89314444-D5D6-4B46-9324-688ECE2593D1}.Release|Any CPU.ActiveCfg = Release|Any CPU
		{89314444-D5D6-4B46-9324-688ECE2593D1}.Release|Any CPU.Build.0 = Release|Any CPU
		{08D0ABB9-D8ED-400A-8A03-1D53390AE595}.Debug|Any CPU.ActiveCfg = Debug|Any CPU
		{08D0ABB9-D8ED-400A-8A03-1D53390AE595}.Debug|Any CPU.Build.0 = Debug|Any CPU
		{08D0ABB9-D8ED-400A-8A03-1D53390AE595}.Release|Any CPU.ActiveCfg = Release|Any CPU
		{08D0ABB9-D8ED-400A-8A03-1D53390AE595}.Release|Any CPU.Build.0 = Release|Any CPU
	EndGlobalSection
	GlobalSection(SolutionProperties) = preSolution
		HideSolutionNode = FALSE
	EndGlobalSection
	GlobalSection(ExtensibilityGlobals) = postSolution
		SolutionGuid = {E5CE364B-6DCF-4C7D-932D-00C6B54C509F}
	EndGlobalSection
EndGlobal
